// !$*UTF8*$!
{
	archiveVersion = 1;
	classes = {
	};
	objectVersion = 50;
	objects = {

/* Begin PBXBuildFile section */
		C53F641D20EDD0A0003E1C7E /* RxAVPlayerControllable.swift in Sources */ = {isa = PBXBuildFile; fileRef = C53F641C20EDD0A0003E1C7E /* RxAVPlayerControllable.swift */; };
		C53F641E20EDD0A0003E1C7E /* RxAVPlayerControllable.swift in Sources */ = {isa = PBXBuildFile; fileRef = C53F641C20EDD0A0003E1C7E /* RxAVPlayerControllable.swift */; };
		C53F641F20EDD0A0003E1C7E /* RxAVPlayerControllable.swift in Sources */ = {isa = PBXBuildFile; fileRef = C53F641C20EDD0A0003E1C7E /* RxAVPlayerControllable.swift */; };
		C53F642020EDD0A0003E1C7E /* RxAVPlayerControllable.swift in Sources */ = {isa = PBXBuildFile; fileRef = C53F641C20EDD0A0003E1C7E /* RxAVPlayerControllable.swift */; };
		C53F642420EE01B8003E1C7E /* PauseControlView.swift in Sources */ = {isa = PBXBuildFile; fileRef = C53F642120EE01B8003E1C7E /* PauseControlView.swift */; };
		C53F642B20EE1287003E1C7E /* PlayControlView.swift in Sources */ = {isa = PBXBuildFile; fileRef = C53F642820EE1287003E1C7E /* PlayControlView.swift */; };
		C568CFAA20EC5F0500A5A78C /* RxAVPlayer.framework in Frameworks */ = {isa = PBXBuildFile; fileRef = C568CFA020EC5F0500A5A78C /* RxAVPlayer.framework */; };
		C568CFAF20EC5F0500A5A78C /* RxAVPlayerTests.swift in Sources */ = {isa = PBXBuildFile; fileRef = C568CFAE20EC5F0500A5A78C /* RxAVPlayerTests.swift */; };
		C568CFB120EC5F0500A5A78C /* RxAVPlayer.h in Headers */ = {isa = PBXBuildFile; fileRef = C568CFA320EC5F0500A5A78C /* RxAVPlayer.h */; settings = {ATTRIBUTES = (Public, ); }; };
		C5A1486C214792D900898C04 /* CustomPlayer.swift in Sources */ = {isa = PBXBuildFile; fileRef = C5A1486B214792D900898C04 /* CustomPlayer.swift */; };
		C5A617AE20EF5962005D1FC8 /* ObserverType.extension.swift in Sources */ = {isa = PBXBuildFile; fileRef = C5A617AD20EF5962005D1FC8 /* ObserverType.extension.swift */; };
		C5A617BC20EF5CDB005D1FC8 /* RxAVPlayerTimeControllable.swift in Sources */ = {isa = PBXBuildFile; fileRef = C5A617BB20EF5CDB005D1FC8 /* RxAVPlayerTimeControllable.swift */; };
		C5A617BD20EF5CDB005D1FC8 /* RxAVPlayerTimeControllable.swift in Sources */ = {isa = PBXBuildFile; fileRef = C5A617BB20EF5CDB005D1FC8 /* RxAVPlayerTimeControllable.swift */; };
		C5A617BE20EF5CDB005D1FC8 /* RxAVPlayerTimeControllable.swift in Sources */ = {isa = PBXBuildFile; fileRef = C5A617BB20EF5CDB005D1FC8 /* RxAVPlayerTimeControllable.swift */; };
		C5A617BF20EF5CDB005D1FC8 /* RxAVPlayerTimeControllable.swift in Sources */ = {isa = PBXBuildFile; fileRef = C5A617BB20EF5CDB005D1FC8 /* RxAVPlayerTimeControllable.swift */; };
		C5A617C320EF6260005D1FC8 /* EndcardControlView.swift in Sources */ = {isa = PBXBuildFile; fileRef = C5A617C020EF6260005D1FC8 /* EndcardControlView.swift */; };
		C5A617F120F45C95005D1FC8 /* ObserverType.extension.swift in Sources */ = {isa = PBXBuildFile; fileRef = C5A617AD20EF5962005D1FC8 /* ObserverType.extension.swift */; };
		C5A617F220F45C95005D1FC8 /* ObserverType.extension.swift in Sources */ = {isa = PBXBuildFile; fileRef = C5A617AD20EF5962005D1FC8 /* ObserverType.extension.swift */; };
		C5A617F320F45C96005D1FC8 /* ObserverType.extension.swift in Sources */ = {isa = PBXBuildFile; fileRef = C5A617AD20EF5962005D1FC8 /* ObserverType.extension.swift */; };
		C5C0819320ECA93C00C7ACD0 /* Reactive.extension.swift in Sources */ = {isa = PBXBuildFile; fileRef = C5C0819220ECA93C00C7ACD0 /* Reactive.extension.swift */; };
		C5C0819420ECA98400C7ACD0 /* Reactive.extension.swift in Sources */ = {isa = PBXBuildFile; fileRef = C5C0819220ECA93C00C7ACD0 /* Reactive.extension.swift */; };
		C5C0819520ECA98500C7ACD0 /* Reactive.extension.swift in Sources */ = {isa = PBXBuildFile; fileRef = C5C0819220ECA93C00C7ACD0 /* Reactive.extension.swift */; };
		C5C0819620ECA98500C7ACD0 /* Reactive.extension.swift in Sources */ = {isa = PBXBuildFile; fileRef = C5C0819220ECA93C00C7ACD0 /* Reactive.extension.swift */; };
		C5C3E42F2150CDD7007EE82B /* README.md in Resources */ = {isa = PBXBuildFile; fileRef = C5C3E42E2150CDD7007EE82B /* README.md */; };
		C5D214D9214115B100FC9174 /* RxAVPlayerSoundMutable.swift in Sources */ = {isa = PBXBuildFile; fileRef = C5D214D8214115B100FC9174 /* RxAVPlayerSoundMutable.swift */; };
		C5D214DA214115B100FC9174 /* RxAVPlayerSoundMutable.swift in Sources */ = {isa = PBXBuildFile; fileRef = C5D214D8214115B100FC9174 /* RxAVPlayerSoundMutable.swift */; };
		C5D214DB214115B100FC9174 /* RxAVPlayerSoundMutable.swift in Sources */ = {isa = PBXBuildFile; fileRef = C5D214D8214115B100FC9174 /* RxAVPlayerSoundMutable.swift */; };
		C5D214DC214115B100FC9174 /* RxAVPlayerSoundMutable.swift in Sources */ = {isa = PBXBuildFile; fileRef = C5D214D8214115B100FC9174 /* RxAVPlayerSoundMutable.swift */; };
		C5D214E32141205700FC9174 /* RxAVPlayerSkippable.swift in Sources */ = {isa = PBXBuildFile; fileRef = C5D214E22141205700FC9174 /* RxAVPlayerSkippable.swift */; };
		C5D214E42141205700FC9174 /* RxAVPlayerSkippable.swift in Sources */ = {isa = PBXBuildFile; fileRef = C5D214E22141205700FC9174 /* RxAVPlayerSkippable.swift */; };
		C5D214E52141205700FC9174 /* RxAVPlayerSkippable.swift in Sources */ = {isa = PBXBuildFile; fileRef = C5D214E22141205700FC9174 /* RxAVPlayerSkippable.swift */; };
		C5D214E62141205700FC9174 /* RxAVPlayerSkippable.swift in Sources */ = {isa = PBXBuildFile; fileRef = C5D214E22141205700FC9174 /* RxAVPlayerSkippable.swift */; };
		C5D214E92141547500FC9174 /* RxBlocking.framework in Frameworks */ = {isa = PBXBuildFile; fileRef = C5D214E72141547500FC9174 /* RxBlocking.framework */; };
		C5D214EA2141547500FC9174 /* RxTest.framework in Frameworks */ = {isa = PBXBuildFile; fileRef = C5D214E82141547500FC9174 /* RxTest.framework */; };
		C5D214EC214155DF00FC9174 /* RxCocoa.framework in Frameworks */ = {isa = PBXBuildFile; fileRef = C5DFF00220EC609B00E9C475 /* RxCocoa.framework */; };
		C5D214ED214155DF00FC9174 /* RxSwift.framework in Frameworks */ = {isa = PBXBuildFile; fileRef = C5DFF00120EC609B00E9C475 /* RxSwift.framework */; };
		C5DFF00320EC609B00E9C475 /* RxSwift.framework in Frameworks */ = {isa = PBXBuildFile; fileRef = C5DFF00120EC609B00E9C475 /* RxSwift.framework */; };
		C5DFF00420EC609B00E9C475 /* RxCocoa.framework in Frameworks */ = {isa = PBXBuildFile; fileRef = C5DFF00220EC609B00E9C475 /* RxCocoa.framework */; };
		C5DFF00720EC615100E9C475 /* RxAVPlayer.swift in Sources */ = {isa = PBXBuildFile; fileRef = C5DFF00620EC615100E9C475 /* RxAVPlayer.swift */; };
		C5DFF00820EC615900E9C475 /* RxAVPlayer.swift in Sources */ = {isa = PBXBuildFile; fileRef = C5DFF00620EC615100E9C475 /* RxAVPlayer.swift */; };
		C5DFF04F20EC634E00E9C475 /* AppDelegate.swift in Sources */ = {isa = PBXBuildFile; fileRef = C5DFF04E20EC634E00E9C475 /* AppDelegate.swift */; };
		C5DFF05120EC634E00E9C475 /* ViewController.swift in Sources */ = {isa = PBXBuildFile; fileRef = C5DFF05020EC634E00E9C475 /* ViewController.swift */; };
		C5DFF05420EC634E00E9C475 /* Main.storyboard in Resources */ = {isa = PBXBuildFile; fileRef = C5DFF05220EC634E00E9C475 /* Main.storyboard */; };
		C5DFF05620EC634F00E9C475 /* Assets.xcassets in Resources */ = {isa = PBXBuildFile; fileRef = C5DFF05520EC634F00E9C475 /* Assets.xcassets */; };
		C5DFF05920EC634F00E9C475 /* LaunchScreen.storyboard in Resources */ = {isa = PBXBuildFile; fileRef = C5DFF05720EC634F00E9C475 /* LaunchScreen.storyboard */; };
		C5DFF06420EC634F00E9C475 /* Exam_RxAVPlayerAppUITests.swift in Sources */ = {isa = PBXBuildFile; fileRef = C5DFF06320EC634F00E9C475 /* Exam_RxAVPlayerAppUITests.swift */; };
		C5DFF06C20EC63C600E9C475 /* RxAVPlayer.swift in Sources */ = {isa = PBXBuildFile; fileRef = C5DFF00620EC615100E9C475 /* RxAVPlayer.swift */; };
		C5DFF06D20EC63C700E9C475 /* RxAVPlayer.swift in Sources */ = {isa = PBXBuildFile; fileRef = C5DFF00620EC615100E9C475 /* RxAVPlayer.swift */; };
		C5DFF07220EC6CAD00E9C475 /* RxCocoa.framework in Frameworks */ = {isa = PBXBuildFile; fileRef = C5DFF00220EC609B00E9C475 /* RxCocoa.framework */; };
		C5DFF07320EC6CAD00E9C475 /* RxSwift.framework in Frameworks */ = {isa = PBXBuildFile; fileRef = C5DFF00120EC609B00E9C475 /* RxSwift.framework */; };
		C5EA9A9F214A12BC00BF7939 /* Exam_RxAVPlayerAppTests.swift in Sources */ = {isa = PBXBuildFile; fileRef = C5EA9A9E214A12BC00BF7939 /* Exam_RxAVPlayerAppTests.swift */; };
		C5EA9AA7214A136700BF7939 /* RxAVPlayer.swift in Sources */ = {isa = PBXBuildFile; fileRef = C5DFF00620EC615100E9C475 /* RxAVPlayer.swift */; };
		C5EA9AA8214A136700BF7939 /* Reactive.extension.swift in Sources */ = {isa = PBXBuildFile; fileRef = C5C0819220ECA93C00C7ACD0 /* Reactive.extension.swift */; };
		C5EA9AA9214A136700BF7939 /* ObserverType.extension.swift in Sources */ = {isa = PBXBuildFile; fileRef = C5A617AD20EF5962005D1FC8 /* ObserverType.extension.swift */; };
		C5EA9AAA214A13C900BF7939 /* CustomPlayer.swift in Sources */ = {isa = PBXBuildFile; fileRef = C5A1486B214792D900898C04 /* CustomPlayer.swift */; };
		C5EA9AAB214A13CF00BF7939 /* CustomPlayer.swift in Sources */ = {isa = PBXBuildFile; fileRef = C5A1486B214792D900898C04 /* CustomPlayer.swift */; };
		C5EA9AAD214A13FC00BF7939 /* CustomPlayerTests.swift in Sources */ = {isa = PBXBuildFile; fileRef = C5EA9AAC214A13FC00BF7939 /* CustomPlayerTests.swift */; };
		C5EA9AAE214A15C900BF7939 /* RxAVPlayer.framework in Frameworks */ = {isa = PBXBuildFile; fileRef = C568CFA020EC5F0500A5A78C /* RxAVPlayer.framework */; };
		C5EA9AAF214A15DA00BF7939 /* RxBlocking.framework in Frameworks */ = {isa = PBXBuildFile; fileRef = C5D214E72141547500FC9174 /* RxBlocking.framework */; };
		C5EA9AB0214A15DA00BF7939 /* RxCocoa.framework in Frameworks */ = {isa = PBXBuildFile; fileRef = C5DFF00220EC609B00E9C475 /* RxCocoa.framework */; };
		C5EA9AB1214A15DA00BF7939 /* RxSwift.framework in Frameworks */ = {isa = PBXBuildFile; fileRef = C5DFF00120EC609B00E9C475 /* RxSwift.framework */; };
		C5EA9AB2214A15DA00BF7939 /* RxTest.framework in Frameworks */ = {isa = PBXBuildFile; fileRef = C5D214E82141547500FC9174 /* RxTest.framework */; };
		C5EA9AB3214A16A200BF7939 /* RxAVPlayerControllable.swift in Sources */ = {isa = PBXBuildFile; fileRef = C53F641C20EDD0A0003E1C7E /* RxAVPlayerControllable.swift */; };
		C5EA9AB4214A16A200BF7939 /* RxAVPlayerSoundMutable.swift in Sources */ = {isa = PBXBuildFile; fileRef = C5D214D8214115B100FC9174 /* RxAVPlayerSoundMutable.swift */; };
		C5EA9AB5214A16A200BF7939 /* RxAVPlayerSkippable.swift in Sources */ = {isa = PBXBuildFile; fileRef = C5D214E22141205700FC9174 /* RxAVPlayerSkippable.swift */; };
		C5EA9AB6214A16A200BF7939 /* RxAVPlayerTimeControllable.swift in Sources */ = {isa = PBXBuildFile; fileRef = C5A617BB20EF5CDB005D1FC8 /* RxAVPlayerTimeControllable.swift */; };
/* End PBXBuildFile section */

/* Begin PBXContainerItemProxy section */
		C568CFAB20EC5F0500A5A78C /* PBXContainerItemProxy */ = {
			isa = PBXContainerItemProxy;
			containerPortal = C568CF9720EC5F0500A5A78C /* Project object */;
			proxyType = 1;
			remoteGlobalIDString = C568CF9F20EC5F0500A5A78C;
			remoteInfo = RxAVPlayer;
		};
		C5DFF06020EC634F00E9C475 /* PBXContainerItemProxy */ = {
			isa = PBXContainerItemProxy;
			containerPortal = C568CF9720EC5F0500A5A78C /* Project object */;
			proxyType = 1;
			remoteGlobalIDString = C5DFF04B20EC634E00E9C475;
			remoteInfo = "Exam-RxAVPlayerApp";
		};
		C5EA9AA1214A12BC00BF7939 /* PBXContainerItemProxy */ = {
			isa = PBXContainerItemProxy;
			containerPortal = C568CF9720EC5F0500A5A78C /* Project object */;
			proxyType = 1;
			remoteGlobalIDString = C5DFF04B20EC634E00E9C475;
			remoteInfo = "Exam-RxAVPlayerApp";
		};
/* End PBXContainerItemProxy section */

/* Begin PBXFileReference section */
		C53F641C20EDD0A0003E1C7E /* RxAVPlayerControllable.swift */ = {isa = PBXFileReference; lastKnownFileType = sourcecode.swift; path = RxAVPlayerControllable.swift; sourceTree = "<group>"; };
		C53F642120EE01B8003E1C7E /* PauseControlView.swift */ = {isa = PBXFileReference; lastKnownFileType = sourcecode.swift; path = PauseControlView.swift; sourceTree = "<group>"; };
		C53F642820EE1287003E1C7E /* PlayControlView.swift */ = {isa = PBXFileReference; lastKnownFileType = sourcecode.swift; path = PlayControlView.swift; sourceTree = "<group>"; };
		C568CFA020EC5F0500A5A78C /* RxAVPlayer.framework */ = {isa = PBXFileReference; explicitFileType = wrapper.framework; includeInIndex = 0; path = RxAVPlayer.framework; sourceTree = BUILT_PRODUCTS_DIR; };
		C568CFA320EC5F0500A5A78C /* RxAVPlayer.h */ = {isa = PBXFileReference; lastKnownFileType = sourcecode.c.h; path = RxAVPlayer.h; sourceTree = "<group>"; };
		C568CFA420EC5F0500A5A78C /* Info.plist */ = {isa = PBXFileReference; lastKnownFileType = text.plist.xml; path = Info.plist; sourceTree = "<group>"; };
		C568CFA920EC5F0500A5A78C /* RxAVPlayerTests.xctest */ = {isa = PBXFileReference; explicitFileType = wrapper.cfbundle; includeInIndex = 0; path = RxAVPlayerTests.xctest; sourceTree = BUILT_PRODUCTS_DIR; };
		C568CFAE20EC5F0500A5A78C /* RxAVPlayerTests.swift */ = {isa = PBXFileReference; lastKnownFileType = sourcecode.swift; path = RxAVPlayerTests.swift; sourceTree = "<group>"; };
		C568CFB020EC5F0500A5A78C /* Info.plist */ = {isa = PBXFileReference; lastKnownFileType = text.plist.xml; path = Info.plist; sourceTree = "<group>"; };
		C5A1486B214792D900898C04 /* CustomPlayer.swift */ = {isa = PBXFileReference; lastKnownFileType = sourcecode.swift; path = CustomPlayer.swift; sourceTree = "<group>"; };
		C5A617AD20EF5962005D1FC8 /* ObserverType.extension.swift */ = {isa = PBXFileReference; lastKnownFileType = sourcecode.swift; path = ObserverType.extension.swift; sourceTree = "<group>"; };
		C5A617BB20EF5CDB005D1FC8 /* RxAVPlayerTimeControllable.swift */ = {isa = PBXFileReference; lastKnownFileType = sourcecode.swift; path = RxAVPlayerTimeControllable.swift; sourceTree = "<group>"; };
		C5A617C020EF6260005D1FC8 /* EndcardControlView.swift */ = {isa = PBXFileReference; lastKnownFileType = sourcecode.swift; path = EndcardControlView.swift; sourceTree = "<group>"; };
		C5C0819220ECA93C00C7ACD0 /* Reactive.extension.swift */ = {isa = PBXFileReference; lastKnownFileType = sourcecode.swift; path = Reactive.extension.swift; sourceTree = "<group>"; };
		C5C3E42E2150CDD7007EE82B /* README.md */ = {isa = PBXFileReference; fileEncoding = 4; lastKnownFileType = net.daringfireball.markdown; path = README.md; sourceTree = "<group>"; };
		C5D214D8214115B100FC9174 /* RxAVPlayerSoundMutable.swift */ = {isa = PBXFileReference; lastKnownFileType = sourcecode.swift; path = RxAVPlayerSoundMutable.swift; sourceTree = "<group>"; };
		C5D214E22141205700FC9174 /* RxAVPlayerSkippable.swift */ = {isa = PBXFileReference; lastKnownFileType = sourcecode.swift; path = RxAVPlayerSkippable.swift; sourceTree = "<group>"; };
		C5D214E72141547500FC9174 /* RxBlocking.framework */ = {isa = PBXFileReference; lastKnownFileType = wrapper.framework; name = RxBlocking.framework; path = Carthage/Build/iOS/RxBlocking.framework; sourceTree = "<group>"; };
		C5D214E82141547500FC9174 /* RxTest.framework */ = {isa = PBXFileReference; lastKnownFileType = wrapper.framework; name = RxTest.framework; path = Carthage/Build/iOS/RxTest.framework; sourceTree = "<group>"; };
		C5DFF00120EC609B00E9C475 /* RxSwift.framework */ = {isa = PBXFileReference; lastKnownFileType = wrapper.framework; name = RxSwift.framework; path = Carthage/Build/iOS/RxSwift.framework; sourceTree = "<group>"; };
		C5DFF00220EC609B00E9C475 /* RxCocoa.framework */ = {isa = PBXFileReference; lastKnownFileType = wrapper.framework; name = RxCocoa.framework; path = Carthage/Build/iOS/RxCocoa.framework; sourceTree = "<group>"; };
		C5DFF00620EC615100E9C475 /* RxAVPlayer.swift */ = {isa = PBXFileReference; lastKnownFileType = sourcecode.swift; path = RxAVPlayer.swift; sourceTree = "<group>"; };
		C5DFF04C20EC634E00E9C475 /* Exam-RxAVPlayerApp.app */ = {isa = PBXFileReference; explicitFileType = wrapper.application; includeInIndex = 0; path = "Exam-RxAVPlayerApp.app"; sourceTree = BUILT_PRODUCTS_DIR; };
		C5DFF04E20EC634E00E9C475 /* AppDelegate.swift */ = {isa = PBXFileReference; lastKnownFileType = sourcecode.swift; path = AppDelegate.swift; sourceTree = "<group>"; };
		C5DFF05020EC634E00E9C475 /* ViewController.swift */ = {isa = PBXFileReference; lastKnownFileType = sourcecode.swift; path = ViewController.swift; sourceTree = "<group>"; };
		C5DFF05320EC634E00E9C475 /* Base */ = {isa = PBXFileReference; lastKnownFileType = file.storyboard; name = Base; path = Base.lproj/Main.storyboard; sourceTree = "<group>"; };
		C5DFF05520EC634F00E9C475 /* Assets.xcassets */ = {isa = PBXFileReference; lastKnownFileType = folder.assetcatalog; path = Assets.xcassets; sourceTree = "<group>"; };
		C5DFF05820EC634F00E9C475 /* Base */ = {isa = PBXFileReference; lastKnownFileType = file.storyboard; name = Base; path = Base.lproj/LaunchScreen.storyboard; sourceTree = "<group>"; };
		C5DFF05A20EC634F00E9C475 /* Info.plist */ = {isa = PBXFileReference; lastKnownFileType = text.plist.xml; path = Info.plist; sourceTree = "<group>"; };
		C5DFF05F20EC634F00E9C475 /* Exam-RxAVPlayerAppUITests.xctest */ = {isa = PBXFileReference; explicitFileType = wrapper.cfbundle; includeInIndex = 0; path = "Exam-RxAVPlayerAppUITests.xctest"; sourceTree = BUILT_PRODUCTS_DIR; };
		C5DFF06320EC634F00E9C475 /* Exam_RxAVPlayerAppUITests.swift */ = {isa = PBXFileReference; lastKnownFileType = sourcecode.swift; path = Exam_RxAVPlayerAppUITests.swift; sourceTree = "<group>"; };
		C5DFF06520EC634F00E9C475 /* Info.plist */ = {isa = PBXFileReference; lastKnownFileType = text.plist.xml; path = Info.plist; sourceTree = "<group>"; };
		C5DFF06E20EC6C9D00E9C475 /* RxCocoa.framework.dSYM */ = {isa = PBXFileReference; lastKnownFileType = wrapper.dsym; name = RxCocoa.framework.dSYM; path = Carthage/Build/iOS/RxCocoa.framework.dSYM; sourceTree = "<group>"; };
		C5DFF06F20EC6C9D00E9C475 /* RxSwift.framework.dSYM */ = {isa = PBXFileReference; lastKnownFileType = wrapper.dsym; name = RxSwift.framework.dSYM; path = Carthage/Build/iOS/RxSwift.framework.dSYM; sourceTree = "<group>"; };
		C5EA9A9C214A12BC00BF7939 /* Exam-RxAVPlayerAppTests.xctest */ = {isa = PBXFileReference; explicitFileType = wrapper.cfbundle; includeInIndex = 0; path = "Exam-RxAVPlayerAppTests.xctest"; sourceTree = BUILT_PRODUCTS_DIR; };
		C5EA9A9E214A12BC00BF7939 /* Exam_RxAVPlayerAppTests.swift */ = {isa = PBXFileReference; lastKnownFileType = sourcecode.swift; path = Exam_RxAVPlayerAppTests.swift; sourceTree = "<group>"; };
		C5EA9AA0214A12BC00BF7939 /* Info.plist */ = {isa = PBXFileReference; lastKnownFileType = text.plist.xml; path = Info.plist; sourceTree = "<group>"; };
		C5EA9AAC214A13FC00BF7939 /* CustomPlayerTests.swift */ = {isa = PBXFileReference; lastKnownFileType = sourcecode.swift; path = CustomPlayerTests.swift; sourceTree = "<group>"; };
/* End PBXFileReference section */

/* Begin PBXFrameworksBuildPhase section */
		C568CF9C20EC5F0500A5A78C /* Frameworks */ = {
			isa = PBXFrameworksBuildPhase;
			buildActionMask = 2147483647;
			files = (
				C5DFF00320EC609B00E9C475 /* RxSwift.framework in Frameworks */,
				C5DFF00420EC609B00E9C475 /* RxCocoa.framework in Frameworks */,
			);
			runOnlyForDeploymentPostprocessing = 0;
		};
		C568CFA620EC5F0500A5A78C /* Frameworks */ = {
			isa = PBXFrameworksBuildPhase;
			buildActionMask = 2147483647;
			files = (
				C5D214EC214155DF00FC9174 /* RxCocoa.framework in Frameworks */,
				C5D214ED214155DF00FC9174 /* RxSwift.framework in Frameworks */,
				C5D214E92141547500FC9174 /* RxBlocking.framework in Frameworks */,
				C5D214EA2141547500FC9174 /* RxTest.framework in Frameworks */,
				C568CFAA20EC5F0500A5A78C /* RxAVPlayer.framework in Frameworks */,
			);
			runOnlyForDeploymentPostprocessing = 0;
		};
		C5DFF04920EC634E00E9C475 /* Frameworks */ = {
			isa = PBXFrameworksBuildPhase;
			buildActionMask = 2147483647;
			files = (
				C5DFF07220EC6CAD00E9C475 /* RxCocoa.framework in Frameworks */,
				C5DFF07320EC6CAD00E9C475 /* RxSwift.framework in Frameworks */,
			);
			runOnlyForDeploymentPostprocessing = 0;
		};
		C5DFF05C20EC634F00E9C475 /* Frameworks */ = {
			isa = PBXFrameworksBuildPhase;
			buildActionMask = 2147483647;
			files = (
			);
			runOnlyForDeploymentPostprocessing = 0;
		};
		C5EA9A99214A12BC00BF7939 /* Frameworks */ = {
			isa = PBXFrameworksBuildPhase;
			buildActionMask = 2147483647;
			files = (
				C5EA9AAF214A15DA00BF7939 /* RxBlocking.framework in Frameworks */,
				C5EA9AB0214A15DA00BF7939 /* RxCocoa.framework in Frameworks */,
				C5EA9AB1214A15DA00BF7939 /* RxSwift.framework in Frameworks */,
				C5EA9AB2214A15DA00BF7939 /* RxTest.framework in Frameworks */,
				C5EA9AAE214A15C900BF7939 /* RxAVPlayer.framework in Frameworks */,
			);
			runOnlyForDeploymentPostprocessing = 0;
		};
/* End PBXFrameworksBuildPhase section */

/* Begin PBXGroup section */
		C568CF9620EC5F0500A5A78C = {
			isa = PBXGroup;
			children = (
				C5C3E42E2150CDD7007EE82B /* README.md */,
				C568CFA220EC5F0500A5A78C /* RxAVPlayer */,
				C568CFAD20EC5F0500A5A78C /* RxAVPlayerTests */,
				C5DFF04D20EC634E00E9C475 /* Exam-RxAVPlayerApp */,
				C5DFF06220EC634F00E9C475 /* Exam-RxAVPlayerAppUITests */,
				C5EA9A9D214A12BC00BF7939 /* Exam-RxAVPlayerAppTests */,
				C568CFA120EC5F0500A5A78C /* Products */,
				C5DFF00020EC609A00E9C475 /* Frameworks */,
			);
			sourceTree = "<group>";
		};
		C568CFA120EC5F0500A5A78C /* Products */ = {
			isa = PBXGroup;
			children = (
				C568CFA020EC5F0500A5A78C /* RxAVPlayer.framework */,
				C568CFA920EC5F0500A5A78C /* RxAVPlayerTests.xctest */,
				C5DFF04C20EC634E00E9C475 /* Exam-RxAVPlayerApp.app */,
				C5DFF05F20EC634F00E9C475 /* Exam-RxAVPlayerAppUITests.xctest */,
				C5EA9A9C214A12BC00BF7939 /* Exam-RxAVPlayerAppTests.xctest */,
			);
			name = Products;
			sourceTree = "<group>";
		};
		C568CFA220EC5F0500A5A78C /* RxAVPlayer */ = {
			isa = PBXGroup;
			children = (
				C5D214D72141158A00FC9174 /* Components */,
				C568CFA320EC5F0500A5A78C /* RxAVPlayer.h */,
				C568CFA420EC5F0500A5A78C /* Info.plist */,
				C5DFF00620EC615100E9C475 /* RxAVPlayer.swift */,
				C5C0819220ECA93C00C7ACD0 /* Reactive.extension.swift */,
				C5A617AD20EF5962005D1FC8 /* ObserverType.extension.swift */,
			);
			path = RxAVPlayer;
			sourceTree = "<group>";
		};
		C568CFAD20EC5F0500A5A78C /* RxAVPlayerTests */ = {
			isa = PBXGroup;
			children = (
				C568CFAE20EC5F0500A5A78C /* RxAVPlayerTests.swift */,
				C568CFB020EC5F0500A5A78C /* Info.plist */,
			);
			path = RxAVPlayerTests;
			sourceTree = "<group>";
		};
		C5D214D72141158A00FC9174 /* Components */ = {
			isa = PBXGroup;
			children = (
				C53F641C20EDD0A0003E1C7E /* RxAVPlayerControllable.swift */,
				C5D214D8214115B100FC9174 /* RxAVPlayerSoundMutable.swift */,
				C5D214E22141205700FC9174 /* RxAVPlayerSkippable.swift */,
				C5A617BB20EF5CDB005D1FC8 /* RxAVPlayerTimeControllable.swift */,
			);
			path = Components;
			sourceTree = "<group>";
		};
		C5DFF00020EC609A00E9C475 /* Frameworks */ = {
			isa = PBXGroup;
			children = (
				C5D214E72141547500FC9174 /* RxBlocking.framework */,
				C5D214E82141547500FC9174 /* RxTest.framework */,
				C5DFF06E20EC6C9D00E9C475 /* RxCocoa.framework.dSYM */,
				C5DFF06F20EC6C9D00E9C475 /* RxSwift.framework.dSYM */,
				C5DFF00220EC609B00E9C475 /* RxCocoa.framework */,
				C5DFF00120EC609B00E9C475 /* RxSwift.framework */,
			);
			name = Frameworks;
			sourceTree = "<group>";
		};
		C5DFF04D20EC634E00E9C475 /* Exam-RxAVPlayerApp */ = {
			isa = PBXGroup;
			children = (
				C5F8391A2148C5E3004EDEA4 /* Controls */,
				C5A1486B214792D900898C04 /* CustomPlayer.swift */,
				C5DFF04E20EC634E00E9C475 /* AppDelegate.swift */,
				C5DFF05020EC634E00E9C475 /* ViewController.swift */,
				C5DFF05220EC634E00E9C475 /* Main.storyboard */,
				C5DFF05520EC634F00E9C475 /* Assets.xcassets */,
				C5DFF05720EC634F00E9C475 /* LaunchScreen.storyboard */,
				C5DFF05A20EC634F00E9C475 /* Info.plist */,
			);
			path = "Exam-RxAVPlayerApp";
			sourceTree = "<group>";
		};
		C5DFF06220EC634F00E9C475 /* Exam-RxAVPlayerAppUITests */ = {
			isa = PBXGroup;
			children = (
				C5DFF06320EC634F00E9C475 /* Exam_RxAVPlayerAppUITests.swift */,
				C5DFF06520EC634F00E9C475 /* Info.plist */,
			);
			path = "Exam-RxAVPlayerAppUITests";
			sourceTree = "<group>";
		};
		C5EA9A9D214A12BC00BF7939 /* Exam-RxAVPlayerAppTests */ = {
			isa = PBXGroup;
			children = (
				C5EA9A9E214A12BC00BF7939 /* Exam_RxAVPlayerAppTests.swift */,
				C5EA9AA0214A12BC00BF7939 /* Info.plist */,
				C5EA9AAC214A13FC00BF7939 /* CustomPlayerTests.swift */,
			);
			path = "Exam-RxAVPlayerAppTests";
			sourceTree = "<group>";
		};
		C5F8391A2148C5E3004EDEA4 /* Controls */ = {
			isa = PBXGroup;
			children = (
				C5A617C020EF6260005D1FC8 /* EndcardControlView.swift */,
				C53F642120EE01B8003E1C7E /* PauseControlView.swift */,
				C53F642820EE1287003E1C7E /* PlayControlView.swift */,
			);
			path = Controls;
			sourceTree = "<group>";
		};
/* End PBXGroup section */

/* Begin PBXHeadersBuildPhase section */
		C568CF9D20EC5F0500A5A78C /* Headers */ = {
			isa = PBXHeadersBuildPhase;
			buildActionMask = 2147483647;
			files = (
				C568CFB120EC5F0500A5A78C /* RxAVPlayer.h in Headers */,
			);
			runOnlyForDeploymentPostprocessing = 0;
		};
/* End PBXHeadersBuildPhase section */

/* Begin PBXNativeTarget section */
		C568CF9F20EC5F0500A5A78C /* RxAVPlayer */ = {
			isa = PBXNativeTarget;
			buildConfigurationList = C568CFB420EC5F0500A5A78C /* Build configuration list for PBXNativeTarget "RxAVPlayer" */;
			buildPhases = (
				C568CF9B20EC5F0500A5A78C /* Sources */,
				C568CF9C20EC5F0500A5A78C /* Frameworks */,
				C568CF9D20EC5F0500A5A78C /* Headers */,
				C568CF9E20EC5F0500A5A78C /* Resources */,
				C5DFF00520EC60B000E9C475 /* Carthage Script */,
			);
			buildRules = (
			);
			dependencies = (
			);
			name = RxAVPlayer;
			productName = RxAVPlayer;
			productReference = C568CFA020EC5F0500A5A78C /* RxAVPlayer.framework */;
			productType = "com.apple.product-type.framework";
		};
		C568CFA820EC5F0500A5A78C /* RxAVPlayerTests */ = {
			isa = PBXNativeTarget;
			buildConfigurationList = C568CFB720EC5F0500A5A78C /* Build configuration list for PBXNativeTarget "RxAVPlayerTests" */;
			buildPhases = (
				C568CFA520EC5F0500A5A78C /* Sources */,
				C568CFA620EC5F0500A5A78C /* Frameworks */,
				C568CFA720EC5F0500A5A78C /* Resources */,
				C5D214EB2141549200FC9174 /* Carthage Script */,
			);
			buildRules = (
			);
			dependencies = (
				C568CFAC20EC5F0500A5A78C /* PBXTargetDependency */,
			);
			name = RxAVPlayerTests;
			productName = RxAVPlayerTests;
			productReference = C568CFA920EC5F0500A5A78C /* RxAVPlayerTests.xctest */;
			productType = "com.apple.product-type.bundle.unit-test";
		};
		C5DFF04B20EC634E00E9C475 /* Exam-RxAVPlayerApp */ = {
			isa = PBXNativeTarget;
			buildConfigurationList = C5DFF06A20EC634F00E9C475 /* Build configuration list for PBXNativeTarget "Exam-RxAVPlayerApp" */;
			buildPhases = (
				C5DFF04820EC634E00E9C475 /* Sources */,
				C5DFF04920EC634E00E9C475 /* Frameworks */,
				C5DFF04A20EC634E00E9C475 /* Resources */,
				C5C0818F20EC6D9B00C7ACD0 /* Carthage Script */,
			);
			buildRules = (
			);
			dependencies = (
			);
			name = "Exam-RxAVPlayerApp";
			productName = "Exam-RxAVPlayerApp";
			productReference = C5DFF04C20EC634E00E9C475 /* Exam-RxAVPlayerApp.app */;
			productType = "com.apple.product-type.application";
		};
		C5DFF05E20EC634F00E9C475 /* Exam-RxAVPlayerAppUITests */ = {
			isa = PBXNativeTarget;
			buildConfigurationList = C5DFF06B20EC634F00E9C475 /* Build configuration list for PBXNativeTarget "Exam-RxAVPlayerAppUITests" */;
			buildPhases = (
				C5DFF05B20EC634F00E9C475 /* Sources */,
				C5DFF05C20EC634F00E9C475 /* Frameworks */,
				C5DFF05D20EC634F00E9C475 /* Resources */,
				C5C0818E20EC6D7400C7ACD0 /* Carthage Script */,
			);
			buildRules = (
			);
			dependencies = (
				C5DFF06120EC634F00E9C475 /* PBXTargetDependency */,
			);
			name = "Exam-RxAVPlayerAppUITests";
			productName = "Exam-RxAVPlayerAppUITests";
			productReference = C5DFF05F20EC634F00E9C475 /* Exam-RxAVPlayerAppUITests.xctest */;
			productType = "com.apple.product-type.bundle.ui-testing";
		};
		C5EA9A9B214A12BC00BF7939 /* Exam-RxAVPlayerAppTests */ = {
			isa = PBXNativeTarget;
			buildConfigurationList = C5EA9AA3214A12BC00BF7939 /* Build configuration list for PBXNativeTarget "Exam-RxAVPlayerAppTests" */;
			buildPhases = (
				C5EA9A98214A12BC00BF7939 /* Sources */,
				C5EA9A99214A12BC00BF7939 /* Frameworks */,
				C5EA9A9A214A12BC00BF7939 /* Resources */,
				C5EA9AA6214A12E700BF7939 /* Carthage Script */,
			);
			buildRules = (
			);
			dependencies = (
				C5EA9AA2214A12BC00BF7939 /* PBXTargetDependency */,
			);
			name = "Exam-RxAVPlayerAppTests";
			productName = "Exam-RxAVPlayerAppTests";
			productReference = C5EA9A9C214A12BC00BF7939 /* Exam-RxAVPlayerAppTests.xctest */;
			productType = "com.apple.product-type.bundle.unit-test";
		};
/* End PBXNativeTarget section */

/* Begin PBXProject section */
		C568CF9720EC5F0500A5A78C /* Project object */ = {
			isa = PBXProject;
			attributes = {
				LastSwiftUpdateCheck = 0940;
				LastUpgradeCheck = 0940;
				ORGANIZATIONNAME = "HINOMORI HIROYA";
				TargetAttributes = {
					C568CF9F20EC5F0500A5A78C = {
						CreatedOnToolsVersion = 9.4.1;
						LastSwiftMigration = 0940;
					};
					C568CFA820EC5F0500A5A78C = {
						CreatedOnToolsVersion = 9.4.1;
					};
					C5DFF04B20EC634E00E9C475 = {
						CreatedOnToolsVersion = 9.4.1;
					};
					C5DFF05E20EC634F00E9C475 = {
						CreatedOnToolsVersion = 9.4.1;
						TestTargetID = C5DFF04B20EC634E00E9C475;
					};
					C5EA9A9B214A12BC00BF7939 = {
						CreatedOnToolsVersion = 9.4.1;
					};
				};
			};
			buildConfigurationList = C568CF9A20EC5F0500A5A78C /* Build configuration list for PBXProject "RxAVPlayer" */;
			compatibilityVersion = "Xcode 9.3";
			developmentRegion = en;
			hasScannedForEncodings = 0;
			knownRegions = (
				en,
				Base,
			);
			mainGroup = C568CF9620EC5F0500A5A78C;
			productRefGroup = C568CFA120EC5F0500A5A78C /* Products */;
			projectDirPath = "";
			projectRoot = "";
			targets = (
				C568CF9F20EC5F0500A5A78C /* RxAVPlayer */,
				C568CFA820EC5F0500A5A78C /* RxAVPlayerTests */,
				C5DFF04B20EC634E00E9C475 /* Exam-RxAVPlayerApp */,
				C5DFF05E20EC634F00E9C475 /* Exam-RxAVPlayerAppUITests */,
				C5EA9A9B214A12BC00BF7939 /* Exam-RxAVPlayerAppTests */,
			);
		};
/* End PBXProject section */

/* Begin PBXResourcesBuildPhase section */
		C568CF9E20EC5F0500A5A78C /* Resources */ = {
			isa = PBXResourcesBuildPhase;
			buildActionMask = 2147483647;
			files = (
				C5C3E42F2150CDD7007EE82B /* README.md in Resources */,
			);
			runOnlyForDeploymentPostprocessing = 0;
		};
		C568CFA720EC5F0500A5A78C /* Resources */ = {
			isa = PBXResourcesBuildPhase;
			buildActionMask = 2147483647;
			files = (
			);
			runOnlyForDeploymentPostprocessing = 0;
		};
		C5DFF04A20EC634E00E9C475 /* Resources */ = {
			isa = PBXResourcesBuildPhase;
			buildActionMask = 2147483647;
			files = (
				C5DFF05920EC634F00E9C475 /* LaunchScreen.storyboard in Resources */,
				C5DFF05620EC634F00E9C475 /* Assets.xcassets in Resources */,
				C5DFF05420EC634E00E9C475 /* Main.storyboard in Resources */,
			);
			runOnlyForDeploymentPostprocessing = 0;
		};
		C5DFF05D20EC634F00E9C475 /* Resources */ = {
			isa = PBXResourcesBuildPhase;
			buildActionMask = 2147483647;
			files = (
			);
			runOnlyForDeploymentPostprocessing = 0;
		};
		C5EA9A9A214A12BC00BF7939 /* Resources */ = {
			isa = PBXResourcesBuildPhase;
			buildActionMask = 2147483647;
			files = (
			);
			runOnlyForDeploymentPostprocessing = 0;
		};
/* End PBXResourcesBuildPhase section */

/* Begin PBXShellScriptBuildPhase section */
		C5C0818E20EC6D7400C7ACD0 /* Carthage Script */ = {
			isa = PBXShellScriptBuildPhase;
			buildActionMask = 2147483647;
			files = (
			);
			inputPaths = (
			);
			name = "Carthage Script";
			outputPaths = (
			);
			runOnlyForDeploymentPostprocessing = 0;
			shellPath = /bin/sh;
			shellScript = "/usr/local/bin/carthage copy-frameworks";
		};
		C5C0818F20EC6D9B00C7ACD0 /* Carthage Script */ = {
			isa = PBXShellScriptBuildPhase;
			buildActionMask = 2147483647;
			files = (
			);
			inputPaths = (
				"$(SRCROOT)/Carthage/Build/iOS/RxSwift.framework",
				"$(SRCROOT)/Carthage/Build/iOS/RxCocoa.framework",
			);
			name = "Carthage Script";
			outputPaths = (
			);
			runOnlyForDeploymentPostprocessing = 0;
			shellPath = /bin/sh;
			shellScript = "/usr/local/bin/carthage copy-frameworks";
		};
		C5D214EB2141549200FC9174 /* Carthage Script */ = {
			isa = PBXShellScriptBuildPhase;
			buildActionMask = 2147483647;
			files = (
			);
			inputPaths = (
				"$(SRCROOT)/Carthage/Build/iOS/RxBlocking.framework",
				"$(SRCROOT)/Carthage/Build/iOS/RxTest.framework",
				"$(SRCROOT)/Carthage/Build/iOS/RxSwift.framework",
				"$(SRCROOT)/Carthage/Build/iOS/RxCocoa.framework",
			);
			name = "Carthage Script";
			outputPaths = (
				"$(BUILT_PRODUCTS_DIR)/$(FRAMEWORKS_FOLDER_PATH)/RxBlocking.framework",
				"$(BUILT_PRODUCTS_DIR)/$(FRAMEWORKS_FOLDER_PATH)/RxTest.framework",
				"$(BUILT_PRODUCTS_DIR)/$(FRAMEWORKS_FOLDER_PATH)/RxSwift.framework",
				"$(BUILT_PRODUCTS_DIR)/$(FRAMEWORKS_FOLDER_PATH)/RxCocoa.framework",
			);
			runOnlyForDeploymentPostprocessing = 0;
			shellPath = /bin/sh;
			shellScript = "/usr/local/bin/carthage copy-frameworks";
		};
		C5DFF00520EC60B000E9C475 /* Carthage Script */ = {
			isa = PBXShellScriptBuildPhase;
			buildActionMask = 2147483647;
			files = (
			);
			inputPaths = (
				"$(SRCROOT)/Carthage/Build/iOS/RxSwift.framework",
				"$(SRCROOT)/Carthage/Build/iOS/RxCocoa.framework",
			);
			name = "Carthage Script";
			outputPaths = (
				"$(BUILT_PRODUCTS_DIR)/$(FRAMEWORKS_FOLDER_PATH)/RxSwift.framework",
				"$(BUILT_PRODUCTS_DIR)/$(FRAMEWORKS_FOLDER_PATH)/RxCocoa.framework",
			);
			runOnlyForDeploymentPostprocessing = 0;
			shellPath = /bin/sh;
			shellScript = "/usr/local/bin/carthage copy-frameworks";
		};
		C5EA9AA6214A12E700BF7939 /* Carthage Script */ = {
			isa = PBXShellScriptBuildPhase;
			buildActionMask = 12;
			files = (
			);
			inputPaths = (
				"$(SRCROOT)/Carthage/Build/iOS/RxSwift.framework",
				"$(SRCROOT)/Carthage/Build/iOS/RxCocoa.framework",
				"$(SRCROOT)/Carthage/Build/iOS/RxTest.framework",
				"$(SRCROOT)/Carthage/Build/iOS/RxBlocking.framework",
			);
			name = "Carthage Script";
			outputPaths = (
			);
			runOnlyForDeploymentPostprocessing = 0;
			shellPath = /bin/sh;
			shellScript = "/usr/local/bin/carthage copy-frameworks";
		};
/* End PBXShellScriptBuildPhase section */

/* Begin PBXSourcesBuildPhase section */
		C568CF9B20EC5F0500A5A78C /* Sources */ = {
			isa = PBXSourcesBuildPhase;
			buildActionMask = 2147483647;
			files = (
				C5D214D9214115B100FC9174 /* RxAVPlayerSoundMutable.swift in Sources */,
				C5DFF00720EC615100E9C475 /* RxAVPlayer.swift in Sources */,
				C53F641D20EDD0A0003E1C7E /* RxAVPlayerControllable.swift in Sources */,
				C5D214E32141205700FC9174 /* RxAVPlayerSkippable.swift in Sources */,
				C5C0819320ECA93C00C7ACD0 /* Reactive.extension.swift in Sources */,
				C5A617BC20EF5CDB005D1FC8 /* RxAVPlayerTimeControllable.swift in Sources */,
				C5A617AE20EF5962005D1FC8 /* ObserverType.extension.swift in Sources */,
			);
			runOnlyForDeploymentPostprocessing = 0;
		};
		C568CFA520EC5F0500A5A78C /* Sources */ = {
			isa = PBXSourcesBuildPhase;
			buildActionMask = 2147483647;
			files = (
				C568CFAF20EC5F0500A5A78C /* RxAVPlayerTests.swift in Sources */,
				C53F641E20EDD0A0003E1C7E /* RxAVPlayerControllable.swift in Sources */,
				C5A617BD20EF5CDB005D1FC8 /* RxAVPlayerTimeControllable.swift in Sources */,
				C5A617F120F45C95005D1FC8 /* ObserverType.extension.swift in Sources */,
				C5DFF00820EC615900E9C475 /* RxAVPlayer.swift in Sources */,
				C5D214DA214115B100FC9174 /* RxAVPlayerSoundMutable.swift in Sources */,
				C5C0819420ECA98400C7ACD0 /* Reactive.extension.swift in Sources */,
				C5D214E42141205700FC9174 /* RxAVPlayerSkippable.swift in Sources */,
			);
			runOnlyForDeploymentPostprocessing = 0;
		};
		C5DFF04820EC634E00E9C475 /* Sources */ = {
			isa = PBXSourcesBuildPhase;
			buildActionMask = 2147483647;
			files = (
				C5DFF05120EC634E00E9C475 /* ViewController.swift in Sources */,
				C5A617F220F45C95005D1FC8 /* ObserverType.extension.swift in Sources */,
				C5A617BE20EF5CDB005D1FC8 /* RxAVPlayerTimeControllable.swift in Sources */,
				C53F642420EE01B8003E1C7E /* PauseControlView.swift in Sources */,
				C53F642B20EE1287003E1C7E /* PlayControlView.swift in Sources */,
				C5C0819520ECA98500C7ACD0 /* Reactive.extension.swift in Sources */,
				C5DFF06C20EC63C600E9C475 /* RxAVPlayer.swift in Sources */,
				C5D214E52141205700FC9174 /* RxAVPlayerSkippable.swift in Sources */,
				C5A1486C214792D900898C04 /* CustomPlayer.swift in Sources */,
				C5D214DB214115B100FC9174 /* RxAVPlayerSoundMutable.swift in Sources */,
				C53F641F20EDD0A0003E1C7E /* RxAVPlayerControllable.swift in Sources */,
				C5DFF04F20EC634E00E9C475 /* AppDelegate.swift in Sources */,
				C5A617C320EF6260005D1FC8 /* EndcardControlView.swift in Sources */,
			);
			runOnlyForDeploymentPostprocessing = 0;
		};
		C5DFF05B20EC634F00E9C475 /* Sources */ = {
			isa = PBXSourcesBuildPhase;
			buildActionMask = 2147483647;
			files = (
				C5D214E62141205700FC9174 /* RxAVPlayerSkippable.swift in Sources */,
				C5DFF06420EC634F00E9C475 /* Exam_RxAVPlayerAppUITests.swift in Sources */,
				C5A617F320F45C96005D1FC8 /* ObserverType.extension.swift in Sources */,
				C5A617BF20EF5CDB005D1FC8 /* RxAVPlayerTimeControllable.swift in Sources */,
				C53F642020EDD0A0003E1C7E /* RxAVPlayerControllable.swift in Sources */,
				C5DFF06D20EC63C700E9C475 /* RxAVPlayer.swift in Sources */,
				C5D214DC214115B100FC9174 /* RxAVPlayerSoundMutable.swift in Sources */,
				C5C0819620ECA98500C7ACD0 /* Reactive.extension.swift in Sources */,
				C5EA9AAB214A13CF00BF7939 /* CustomPlayer.swift in Sources */,
			);
			runOnlyForDeploymentPostprocessing = 0;
		};
		C5EA9A98214A12BC00BF7939 /* Sources */ = {
			isa = PBXSourcesBuildPhase;
			buildActionMask = 2147483647;
			files = (
				C5EA9AB5214A16A200BF7939 /* RxAVPlayerSkippable.swift in Sources */,
				C5EA9AB4214A16A200BF7939 /* RxAVPlayerSoundMutable.swift in Sources */,
				C5EA9AB6214A16A200BF7939 /* RxAVPlayerTimeControllable.swift in Sources */,
				C5EA9AA9214A136700BF7939 /* ObserverType.extension.swift in Sources */,
				C5EA9AAD214A13FC00BF7939 /* CustomPlayerTests.swift in Sources */,
				C5EA9AB3214A16A200BF7939 /* RxAVPlayerControllable.swift in Sources */,
				C5EA9A9F214A12BC00BF7939 /* Exam_RxAVPlayerAppTests.swift in Sources */,
				C5EA9AA7214A136700BF7939 /* RxAVPlayer.swift in Sources */,
				C5EA9AA8214A136700BF7939 /* Reactive.extension.swift in Sources */,
				C5EA9AAA214A13C900BF7939 /* CustomPlayer.swift in Sources */,
			);
			runOnlyForDeploymentPostprocessing = 0;
		};
/* End PBXSourcesBuildPhase section */

/* Begin PBXTargetDependency section */
		C568CFAC20EC5F0500A5A78C /* PBXTargetDependency */ = {
			isa = PBXTargetDependency;
			target = C568CF9F20EC5F0500A5A78C /* RxAVPlayer */;
			targetProxy = C568CFAB20EC5F0500A5A78C /* PBXContainerItemProxy */;
		};
		C5DFF06120EC634F00E9C475 /* PBXTargetDependency */ = {
			isa = PBXTargetDependency;
			target = C5DFF04B20EC634E00E9C475 /* Exam-RxAVPlayerApp */;
			targetProxy = C5DFF06020EC634F00E9C475 /* PBXContainerItemProxy */;
		};
		C5EA9AA2214A12BC00BF7939 /* PBXTargetDependency */ = {
			isa = PBXTargetDependency;
			target = C5DFF04B20EC634E00E9C475 /* Exam-RxAVPlayerApp */;
			targetProxy = C5EA9AA1214A12BC00BF7939 /* PBXContainerItemProxy */;
		};
/* End PBXTargetDependency section */

/* Begin PBXVariantGroup section */
		C5DFF05220EC634E00E9C475 /* Main.storyboard */ = {
			isa = PBXVariantGroup;
			children = (
				C5DFF05320EC634E00E9C475 /* Base */,
			);
			name = Main.storyboard;
			sourceTree = "<group>";
		};
		C5DFF05720EC634F00E9C475 /* LaunchScreen.storyboard */ = {
			isa = PBXVariantGroup;
			children = (
				C5DFF05820EC634F00E9C475 /* Base */,
			);
			name = LaunchScreen.storyboard;
			sourceTree = "<group>";
		};
/* End PBXVariantGroup section */

/* Begin XCBuildConfiguration section */
		C568CFB220EC5F0500A5A78C /* Debug */ = {
			isa = XCBuildConfiguration;
			buildSettings = {
				ALWAYS_SEARCH_USER_PATHS = NO;
				CLANG_ANALYZER_NONNULL = YES;
				CLANG_ANALYZER_NUMBER_OBJECT_CONVERSION = YES_AGGRESSIVE;
				CLANG_CXX_LANGUAGE_STANDARD = "gnu++14";
				CLANG_CXX_LIBRARY = "libc++";
				CLANG_ENABLE_MODULES = YES;
				CLANG_ENABLE_OBJC_ARC = YES;
				CLANG_ENABLE_OBJC_WEAK = YES;
				CLANG_WARN_BLOCK_CAPTURE_AUTORELEASING = YES;
				CLANG_WARN_BOOL_CONVERSION = YES;
				CLANG_WARN_COMMA = YES;
				CLANG_WARN_CONSTANT_CONVERSION = YES;
				CLANG_WARN_DEPRECATED_OBJC_IMPLEMENTATIONS = YES;
				CLANG_WARN_DIRECT_OBJC_ISA_USAGE = YES_ERROR;
				CLANG_WARN_DOCUMENTATION_COMMENTS = YES;
				CLANG_WARN_EMPTY_BODY = YES;
				CLANG_WARN_ENUM_CONVERSION = YES;
				CLANG_WARN_INFINITE_RECURSION = YES;
				CLANG_WARN_INT_CONVERSION = YES;
				CLANG_WARN_NON_LITERAL_NULL_CONVERSION = YES;
				CLANG_WARN_OBJC_IMPLICIT_RETAIN_SELF = YES;
				CLANG_WARN_OBJC_LITERAL_CONVERSION = YES;
				CLANG_WARN_OBJC_ROOT_CLASS = YES_ERROR;
				CLANG_WARN_RANGE_LOOP_ANALYSIS = YES;
				CLANG_WARN_STRICT_PROTOTYPES = YES;
				CLANG_WARN_SUSPICIOUS_MOVE = YES;
				CLANG_WARN_UNGUARDED_AVAILABILITY = YES_AGGRESSIVE;
				CLANG_WARN_UNREACHABLE_CODE = YES;
				CLANG_WARN__DUPLICATE_METHOD_MATCH = YES;
				CODE_SIGN_IDENTITY = "iPhone Developer";
				COPY_PHASE_STRIP = NO;
				CURRENT_PROJECT_VERSION = 1;
				DEBUG_INFORMATION_FORMAT = dwarf;
				ENABLE_STRICT_OBJC_MSGSEND = YES;
				ENABLE_TESTABILITY = YES;
				GCC_C_LANGUAGE_STANDARD = gnu11;
				GCC_DYNAMIC_NO_PIC = NO;
				GCC_NO_COMMON_BLOCKS = YES;
				GCC_OPTIMIZATION_LEVEL = 0;
				GCC_PREPROCESSOR_DEFINITIONS = (
					"DEBUG=1",
					"$(inherited)",
				);
				GCC_WARN_64_TO_32_BIT_CONVERSION = YES;
				GCC_WARN_ABOUT_RETURN_TYPE = YES_ERROR;
				GCC_WARN_UNDECLARED_SELECTOR = YES;
				GCC_WARN_UNINITIALIZED_AUTOS = YES_AGGRESSIVE;
				GCC_WARN_UNUSED_FUNCTION = YES;
				GCC_WARN_UNUSED_VARIABLE = YES;
				IPHONEOS_DEPLOYMENT_TARGET = 11.4;
				MTL_ENABLE_DEBUG_INFO = YES;
				ONLY_ACTIVE_ARCH = YES;
				SDKROOT = iphoneos;
				SWIFT_ACTIVE_COMPILATION_CONDITIONS = DEBUG;
				SWIFT_OPTIMIZATION_LEVEL = "-Onone";
				VERSIONING_SYSTEM = "apple-generic";
				VERSION_INFO_PREFIX = "";
			};
			name = Debug;
		};
		C568CFB320EC5F0500A5A78C /* Release */ = {
			isa = XCBuildConfiguration;
			buildSettings = {
				ALWAYS_SEARCH_USER_PATHS = NO;
				CLANG_ANALYZER_NONNULL = YES;
				CLANG_ANALYZER_NUMBER_OBJECT_CONVERSION = YES_AGGRESSIVE;
				CLANG_CXX_LANGUAGE_STANDARD = "gnu++14";
				CLANG_CXX_LIBRARY = "libc++";
				CLANG_ENABLE_MODULES = YES;
				CLANG_ENABLE_OBJC_ARC = YES;
				CLANG_ENABLE_OBJC_WEAK = YES;
				CLANG_WARN_BLOCK_CAPTURE_AUTORELEASING = YES;
				CLANG_WARN_BOOL_CONVERSION = YES;
				CLANG_WARN_COMMA = YES;
				CLANG_WARN_CONSTANT_CONVERSION = YES;
				CLANG_WARN_DEPRECATED_OBJC_IMPLEMENTATIONS = YES;
				CLANG_WARN_DIRECT_OBJC_ISA_USAGE = YES_ERROR;
				CLANG_WARN_DOCUMENTATION_COMMENTS = YES;
				CLANG_WARN_EMPTY_BODY = YES;
				CLANG_WARN_ENUM_CONVERSION = YES;
				CLANG_WARN_INFINITE_RECURSION = YES;
				CLANG_WARN_INT_CONVERSION = YES;
				CLANG_WARN_NON_LITERAL_NULL_CONVERSION = YES;
				CLANG_WARN_OBJC_IMPLICIT_RETAIN_SELF = YES;
				CLANG_WARN_OBJC_LITERAL_CONVERSION = YES;
				CLANG_WARN_OBJC_ROOT_CLASS = YES_ERROR;
				CLANG_WARN_RANGE_LOOP_ANALYSIS = YES;
				CLANG_WARN_STRICT_PROTOTYPES = YES;
				CLANG_WARN_SUSPICIOUS_MOVE = YES;
				CLANG_WARN_UNGUARDED_AVAILABILITY = YES_AGGRESSIVE;
				CLANG_WARN_UNREACHABLE_CODE = YES;
				CLANG_WARN__DUPLICATE_METHOD_MATCH = YES;
				CODE_SIGN_IDENTITY = "iPhone Developer";
				COPY_PHASE_STRIP = NO;
				CURRENT_PROJECT_VERSION = 1;
				DEBUG_INFORMATION_FORMAT = "dwarf-with-dsym";
				ENABLE_NS_ASSERTIONS = NO;
				ENABLE_STRICT_OBJC_MSGSEND = YES;
				GCC_C_LANGUAGE_STANDARD = gnu11;
				GCC_NO_COMMON_BLOCKS = YES;
				GCC_WARN_64_TO_32_BIT_CONVERSION = YES;
				GCC_WARN_ABOUT_RETURN_TYPE = YES_ERROR;
				GCC_WARN_UNDECLARED_SELECTOR = YES;
				GCC_WARN_UNINITIALIZED_AUTOS = YES_AGGRESSIVE;
				GCC_WARN_UNUSED_FUNCTION = YES;
				GCC_WARN_UNUSED_VARIABLE = YES;
				IPHONEOS_DEPLOYMENT_TARGET = 11.4;
				MTL_ENABLE_DEBUG_INFO = NO;
				SDKROOT = iphoneos;
				SWIFT_COMPILATION_MODE = wholemodule;
				SWIFT_OPTIMIZATION_LEVEL = "-O";
				VALIDATE_PRODUCT = YES;
				VERSIONING_SYSTEM = "apple-generic";
				VERSION_INFO_PREFIX = "";
			};
			name = Release;
		};
		C568CFB520EC5F0500A5A78C /* Debug */ = {
			isa = XCBuildConfiguration;
			buildSettings = {
				CLANG_ENABLE_MODULES = YES;
				CODE_SIGN_IDENTITY = "";
				CODE_SIGN_STYLE = Automatic;
				DEFINES_MODULE = YES;
				DEVELOPMENT_TEAM = DHY6ZSRL6G;
				DYLIB_COMPATIBILITY_VERSION = 1;
				DYLIB_CURRENT_VERSION = 1;
				DYLIB_INSTALL_NAME_BASE = "@rpath";
				FRAMEWORK_SEARCH_PATHS = (
					"$(inherited)",
					"$(PROJECT_DIR)/Carthage/Build/iOS",
				);
				INFOPLIST_FILE = RxAVPlayer/Info.plist;
				INSTALL_PATH = "$(LOCAL_LIBRARY_DIR)/Frameworks";
				IPHONEOS_DEPLOYMENT_TARGET = 9.0;
				LD_RUNPATH_SEARCH_PATHS = (
					"$(inherited)",
					"@executable_path/Frameworks",
					"@loader_path/Frameworks",
				);
				PRODUCT_BUNDLE_IDENTIFIER = com.exam.RxAVPlayer;
				PRODUCT_NAME = "$(TARGET_NAME:c99extidentifier)";
				SKIP_INSTALL = YES;
				SWIFT_OPTIMIZATION_LEVEL = "-Onone";
				SWIFT_VERSION = 4.0;
				TARGETED_DEVICE_FAMILY = "1,2";
			};
			name = Debug;
		};
		C568CFB620EC5F0500A5A78C /* Release */ = {
			isa = XCBuildConfiguration;
			buildSettings = {
				CLANG_ENABLE_MODULES = YES;
				CODE_SIGN_IDENTITY = "";
				CODE_SIGN_STYLE = Automatic;
				DEFINES_MODULE = YES;
				DEVELOPMENT_TEAM = DHY6ZSRL6G;
				DYLIB_COMPATIBILITY_VERSION = 1;
				DYLIB_CURRENT_VERSION = 1;
				DYLIB_INSTALL_NAME_BASE = "@rpath";
				FRAMEWORK_SEARCH_PATHS = (
					"$(inherited)",
					"$(PROJECT_DIR)/Carthage/Build/iOS",
				);
				INFOPLIST_FILE = RxAVPlayer/Info.plist;
				INSTALL_PATH = "$(LOCAL_LIBRARY_DIR)/Frameworks";
				IPHONEOS_DEPLOYMENT_TARGET = 9.0;
				LD_RUNPATH_SEARCH_PATHS = (
					"$(inherited)",
					"@executable_path/Frameworks",
					"@loader_path/Frameworks",
				);
				PRODUCT_BUNDLE_IDENTIFIER = com.exam.RxAVPlayer;
				PRODUCT_NAME = "$(TARGET_NAME:c99extidentifier)";
				SKIP_INSTALL = YES;
				SWIFT_VERSION = 4.0;
				TARGETED_DEVICE_FAMILY = "1,2";
			};
			name = Release;
		};
		C568CFB820EC5F0500A5A78C /* Debug */ = {
			isa = XCBuildConfiguration;
			buildSettings = {
				ALWAYS_EMBED_SWIFT_STANDARD_LIBRARIES = YES;
				CODE_SIGN_STYLE = Automatic;
				DEVELOPMENT_TEAM = DHY6ZSRL6G;
				FRAMEWORK_SEARCH_PATHS = (
					"$(inherited)",
					"$(PROJECT_DIR)/Carthage/Build/iOS",
				);
				INFOPLIST_FILE = RxAVPlayerTests/Info.plist;
				LD_RUNPATH_SEARCH_PATHS = (
					"$(inherited)",
					"@executable_path/Frameworks",
					"@loader_path/Frameworks",
				);
				PRODUCT_BUNDLE_IDENTIFIER = com.exam.RxAVPlayerTests;
				PRODUCT_NAME = "$(TARGET_NAME)";
				SWIFT_VERSION = 4.0;
				TARGETED_DEVICE_FAMILY = "1,2";
			};
			name = Debug;
		};
		C568CFB920EC5F0500A5A78C /* Release */ = {
			isa = XCBuildConfiguration;
			buildSettings = {
				ALWAYS_EMBED_SWIFT_STANDARD_LIBRARIES = YES;
				CODE_SIGN_STYLE = Automatic;
				DEVELOPMENT_TEAM = DHY6ZSRL6G;
				FRAMEWORK_SEARCH_PATHS = (
					"$(inherited)",
					"$(PROJECT_DIR)/Carthage/Build/iOS",
				);
				INFOPLIST_FILE = RxAVPlayerTests/Info.plist;
				LD_RUNPATH_SEARCH_PATHS = (
					"$(inherited)",
					"@executable_path/Frameworks",
					"@loader_path/Frameworks",
				);
				PRODUCT_BUNDLE_IDENTIFIER = com.exam.RxAVPlayerTests;
				PRODUCT_NAME = "$(TARGET_NAME)";
				SWIFT_VERSION = 4.0;
				TARGETED_DEVICE_FAMILY = "1,2";
			};
			name = Release;
		};
		C5DFF06620EC634F00E9C475 /* Debug */ = {
			isa = XCBuildConfiguration;
			buildSettings = {
				ASSETCATALOG_COMPILER_APPICON_NAME = AppIcon;
				CODE_SIGN_STYLE = Automatic;
				DEVELOPMENT_TEAM = DHY6ZSRL6G;
				FRAMEWORK_SEARCH_PATHS = (
					"$(inherited)",
					"$(PROJECT_DIR)/Carthage/Build/iOS",
				);
				INFOPLIST_FILE = "Exam-RxAVPlayerApp/Info.plist";
				IPHONEOS_DEPLOYMENT_TARGET = 9.0;
				LD_RUNPATH_SEARCH_PATHS = (
					"$(inherited)",
					"@executable_path/Frameworks",
				);
				PRODUCT_BUNDLE_IDENTIFIER = "com.exam.Exam-RxAVPlayerApp";
				PRODUCT_NAME = "$(TARGET_NAME)";
				SWIFT_VERSION = 4.0;
				TARGETED_DEVICE_FAMILY = "1,2";
			};
			name = Debug;
		};
		C5DFF06720EC634F00E9C475 /* Release */ = {
			isa = XCBuildConfiguration;
			buildSettings = {
				ASSETCATALOG_COMPILER_APPICON_NAME = AppIcon;
				CODE_SIGN_STYLE = Automatic;
				DEVELOPMENT_TEAM = DHY6ZSRL6G;
				FRAMEWORK_SEARCH_PATHS = (
					"$(inherited)",
					"$(PROJECT_DIR)/Carthage/Build/iOS",
				);
				INFOPLIST_FILE = "Exam-RxAVPlayerApp/Info.plist";
				IPHONEOS_DEPLOYMENT_TARGET = 9.0;
				LD_RUNPATH_SEARCH_PATHS = (
					"$(inherited)",
					"@executable_path/Frameworks",
				);
				PRODUCT_BUNDLE_IDENTIFIER = "com.exam.Exam-RxAVPlayerApp";
				PRODUCT_NAME = "$(TARGET_NAME)";
				SWIFT_VERSION = 4.0;
				TARGETED_DEVICE_FAMILY = "1,2";
			};
			name = Release;
		};
		C5DFF06820EC634F00E9C475 /* Debug */ = {
			isa = XCBuildConfiguration;
			buildSettings = {
				ALWAYS_EMBED_SWIFT_STANDARD_LIBRARIES = YES;
				CODE_SIGN_STYLE = Automatic;
				DEVELOPMENT_TEAM = DHY6ZSRL6G;
				INFOPLIST_FILE = "Exam-RxAVPlayerAppUITests/Info.plist";
				LD_RUNPATH_SEARCH_PATHS = (
					"$(inherited)",
					"@executable_path/Frameworks",
					"@loader_path/Frameworks",
				);
				PRODUCT_BUNDLE_IDENTIFIER = "com.exam.Exam-RxAVPlayerAppUITests";
				PRODUCT_NAME = "$(TARGET_NAME)";
				SWIFT_VERSION = 4.0;
				TARGETED_DEVICE_FAMILY = "1,2";
				TEST_TARGET_NAME = "Exam-RxAVPlayerApp";
			};
			name = Debug;
		};
		C5DFF06920EC634F00E9C475 /* Release */ = {
			isa = XCBuildConfiguration;
			buildSettings = {
				ALWAYS_EMBED_SWIFT_STANDARD_LIBRARIES = YES;
				CODE_SIGN_STYLE = Automatic;
				DEVELOPMENT_TEAM = DHY6ZSRL6G;
				INFOPLIST_FILE = "Exam-RxAVPlayerAppUITests/Info.plist";
				LD_RUNPATH_SEARCH_PATHS = (
					"$(inherited)",
					"@executable_path/Frameworks",
					"@loader_path/Frameworks",
				);
				PRODUCT_BUNDLE_IDENTIFIER = "com.exam.Exam-RxAVPlayerAppUITests";
				PRODUCT_NAME = "$(TARGET_NAME)";
				SWIFT_VERSION = 4.0;
				TARGETED_DEVICE_FAMILY = "1,2";
				TEST_TARGET_NAME = "Exam-RxAVPlayerApp";
			};
			name = Release;
		};
		C5EA9AA4214A12BC00BF7939 /* Debug */ = {
			isa = XCBuildConfiguration;
			buildSettings = {
				CODE_SIGN_STYLE = Automatic;
				DEVELOPMENT_TEAM = DHY6ZSRL6G;
				FRAMEWORK_SEARCH_PATHS = (
					"$(inherited)",
					"$(PROJECT_DIR)/Carthage/Build/iOS",
				);
				INFOPLIST_FILE = "Exam-RxAVPlayerAppTests/Info.plist";
				LD_RUNPATH_SEARCH_PATHS = (
					"$(inherited)",
					"@executable_path/Frameworks",
					"@loader_path/Frameworks",
				);
				PRODUCT_BUNDLE_IDENTIFIER = "com.exam.Exam-RxAVPlayerAppTests";
				PRODUCT_NAME = "$(TARGET_NAME)";
				SWIFT_VERSION = 4.0;
				TARGETED_DEVICE_FAMILY = "1,2";
			};
			name = Debug;
		};
		C5EA9AA5214A12BC00BF7939 /* Release */ = {
			isa = XCBuildConfiguration;
			buildSettings = {
				CODE_SIGN_STYLE = Automatic;
				DEVELOPMENT_TEAM = DHY6ZSRL6G;
				FRAMEWORK_SEARCH_PATHS = (
					"$(inherited)",
					"$(PROJECT_DIR)/Carthage/Build/iOS",
				);
				INFOPLIST_FILE = "Exam-RxAVPlayerAppTests/Info.plist";
				LD_RUNPATH_SEARCH_PATHS = (
					"$(inherited)",
					"@executable_path/Frameworks",
					"@loader_path/Frameworks",
				);
				PRODUCT_BUNDLE_IDENTIFIER = "com.exam.Exam-RxAVPlayerAppTests";
				PRODUCT_NAME = "$(TARGET_NAME)";
				SWIFT_VERSION = 4.0;
				TARGETED_DEVICE_FAMILY = "1,2";
			};
			name = Release;
		};
/* End XCBuildConfiguration section */

/* Begin XCConfigurationList section */
		C568CF9A20EC5F0500A5A78C /* Build configuration list for PBXProject "RxAVPlayer" */ = {
			isa = XCConfigurationList;
			buildConfigurations = (
				C568CFB220EC5F0500A5A78C /* Debug */,
				C568CFB320EC5F0500A5A78C /* Release */,
			);
			defaultConfigurationIsVisible = 0;
			defaultConfigurationName = Release;
		};
		C568CFB420EC5F0500A5A78C /* Build configuration list for PBXNativeTarget "RxAVPlayer" */ = {
			isa = XCConfigurationList;
			buildConfigurations = (
				C568CFB520EC5F0500A5A78C /* Debug */,
				C568CFB620EC5F0500A5A78C /* Release */,
			);
			defaultConfigurationIsVisible = 0;
			defaultConfigurationName = Release;
		};
		C568CFB720EC5F0500A5A78C /* Build configuration list for PBXNativeTarget "RxAVPlayerTests" */ = {
			isa = XCConfigurationList;
			buildConfigurations = (
				C568CFB820EC5F0500A5A78C /* Debug */,
				C568CFB920EC5F0500A5A78C /* Release */,
			);
			defaultConfigurationIsVisible = 0;
			defaultConfigurationName = Release;
		};
		C5DFF06A20EC634F00E9C475 /* Build configuration list for PBXNativeTarget "Exam-RxAVPlayerApp" */ = {
			isa = XCConfigurationList;
			buildConfigurations = (
				C5DFF06620EC634F00E9C475 /* Debug */,
				C5DFF06720EC634F00E9C475 /* Release */,
			);
			defaultConfigurationIsVisible = 0;
			defaultConfigurationName = Release;
		};
		C5DFF06B20EC634F00E9C475 /* Build configuration list for PBXNativeTarget "Exam-RxAVPlayerAppUITests" */ = {
			isa = XCConfigurationList;
			buildConfigurations = (
				C5DFF06820EC634F00E9C475 /* Debug */,
				C5DFF06920EC634F00E9C475 /* Release */,
			);
			defaultConfigurationIsVisible = 0;
			defaultConfigurationName = Release;
		};
		C5EA9AA3214A12BC00BF7939 /* Build configuration list for PBXNativeTarget "Exam-RxAVPlayerAppTests" */ = {
			isa = XCConfigurationList;
			buildConfigurations = (
				C5EA9AA4214A12BC00BF7939 /* Debug */,
				C5EA9AA5214A12BC00BF7939 /* Release */,
			);
			defaultConfigurationIsVisible = 0;
			defaultConfigurationName = Release;
		};
/* End XCConfigurationList section */
	};
	rootObject = C568CF9720EC5F0500A5A78C /* Project object */;
}
